
Microsoft Visual Studio Solution File, Format Version 12.00
# Visual Studio Version 17
VisualStudioVersion = 17.2.32630.192
MinimumVisualStudioVersion = 10.0.40219.1
Project("{FAE04EC0-301F-11D3-BF4B-00C04F79EFBC}") = "DeliciasCaseiras", "ProjetoRascunho1\DeliciasCaseiras.csproj", "{A1145C24-3230-4798-95E3-3BEC082E00BD}"
EndProject
Global
	GlobalSection(SolutionConfigurationPlatforms) = preSolution
		Debug|Any CPU = Debug|Any CPU
		Release|Any CPU = Release|Any CPU
	EndGlobalSection
	GlobalSection(ProjectConfigurationPlatforms) = postSolution
		{A1145C24-3230-4798-95E3-3BEC082E00BD}.Debug|Any CPU.ActiveCfg = Debug|Any CPU
		{A1145C24-3230-4798-95E3-3BEC082E00BD}.Debug|Any CPU.Build.0 = Debug|Any CPU
		{A1145C24-3230-4798-95E3-3BEC082E00BD}.Release|Any CPU.ActiveCfg = Release|Any CPU
		{A1145C24-3230-4798-95E3-3BEC082E00BD}.Release|Any CPU.Build.0 = Release|Any CPU
	EndGlobalSection
	GlobalSection(SolutionProperties) = preSolution
		HideSolutionNode = FALSE
	EndGlobalSection
	GlobalSection(ExtensibilityGlobals) = postSolution
		SolutionGuid = {4402B8A5-691C-478E-8D2A-1C9A3CFE758B}
	EndGlobalSection
EndGlobal
